
Microsoft Visual Studio Solution File, Format Version 12.00
# Visual Studio Version 17
VisualStudioVersion = 17.5.33516.290
MinimumVisualStudioVersion = 10.0.40219.1
Project("{FAE04EC0-301F-11D3-BF4B-00C04F79EFBC}") = "AddRemoveMethods", "AddRemoveMethods\AddRemoveMethods.csproj", "{3FB6E5E7-B290-459E-BA69-57B96EC4F52B}"
EndProject
Global
	GlobalSection(SolutionConfigurationPlatforms) = preSolution
		Debug|Any CPU = Debug|Any CPU
		Release|Any CPU = Release|Any CPU
	EndGlobalSection
	GlobalSection(ProjectConfigurationPlatforms) = postSolution
		{3FB6E5E7-B290-459E-BA69-57B96EC4F52B}.Debug|Any CPU.ActiveCfg = Debug|Any CPU
		{3FB6E5E7-B290-459E-BA69-57B96EC4F52B}.Debug|Any CPU.Build.0 = Debug|Any CPU
		{3FB6E5E7-B290-459E-BA69-57B96EC4F52B}.Release|Any CPU.ActiveCfg = Release|Any CPU
		{3FB6E5E7-B290-459E-BA69-57B96EC4F52B}.Release|Any CPU.Build.0 = Release|Any CPU
	EndGlobalSection
	GlobalSection(SolutionProperties) = preSolution
		HideSolutionNode = FALSE
	EndGlobalSection
	GlobalSection(ExtensibilityGlobals) = postSolution
		SolutionGuid = {2F23E2B7-FEB2-4744-AFFF-C18EE5BB61F3}
	EndGlobalSection
EndGlobal
